// !$*UTF8*$!
{
	archiveVersion = 1;
	classes = {
	};
	objectVersion = 56;
	objects = {

/* Begin PBXBuildFile section */
		9B09778E29470195006F3D76 /* LoadPokemonDetailFromRemoteUseCaseTests.swift in Sources */ = {isa = PBXBuildFile; fileRef = 9B09778D29470195006F3D76 /* LoadPokemonDetailFromRemoteUseCaseTests.swift */; };
		9B09779B29471120006F3D76 /* PokemonDetailViewModel.swift in Sources */ = {isa = PBXBuildFile; fileRef = 9B09779A29471120006F3D76 /* PokemonDetailViewModel.swift */; };
		9B09779E294714B0006F3D76 /* PokemonDetailViewPresenter.swift in Sources */ = {isa = PBXBuildFile; fileRef = 9B09779D294714AF006F3D76 /* PokemonDetailViewPresenter.swift */; };
		9B0977A029471731006F3D76 /* PokemonDetailViewPresenterTests.swift in Sources */ = {isa = PBXBuildFile; fileRef = 9B09779F29471731006F3D76 /* PokemonDetailViewPresenterTests.swift */; };
		9BA7A4FC2946ED1D002BCCBC /* PokemonDetail.swift in Sources */ = {isa = PBXBuildFile; fileRef = 9BA7A4FB2946ED1D002BCCBC /* PokemonDetail.swift */; };
		9BA7A4FF2946EF2F002BCCBC /* PokemonDetailLoader.swift in Sources */ = {isa = PBXBuildFile; fileRef = 9BA7A4FE2946EF2F002BCCBC /* PokemonDetailLoader.swift */; };
		9BA7A5012946F002002BCCBC /* RemotePokemonDetailLoader.swift in Sources */ = {isa = PBXBuildFile; fileRef = 9BA7A5002946F002002BCCBC /* RemotePokemonDetailLoader.swift */; };
		9BA7A5042946F034002BCCBC /* PokemonDetailMapper.swift in Sources */ = {isa = PBXBuildFile; fileRef = 9BA7A5032946F034002BCCBC /* PokemonDetailMapper.swift */; };
		9BC134622945D37E00FE935E /* Pokemon.framework in Frameworks */ = {isa = PBXBuildFile; fileRef = 9BC134592945D37E00FE935E /* Pokemon.framework */; };
		9BC134742945EBE400FE935E /* Pokemon.swift in Sources */ = {isa = PBXBuildFile; fileRef = 9BC134732945EBE400FE935E /* Pokemon.swift */; };
		9BC134772945F26400FE935E /* PokemonLoader.swift in Sources */ = {isa = PBXBuildFile; fileRef = 9BC134762945F26400FE935E /* PokemonLoader.swift */; };
		9BC1347C2945F88900FE935E /* HTTPClient.swift in Sources */ = {isa = PBXBuildFile; fileRef = 9BC1347B2945F88900FE935E /* HTTPClient.swift */; };
		9BC1347E2945F94C00FE935E /* XCTestCase+MemoryLeakTracking.swift in Sources */ = {isa = PBXBuildFile; fileRef = 9BC1347D2945F94C00FE935E /* XCTestCase+MemoryLeakTracking.swift */; };
		9BC134902945FB6900FE935E /* HTTPClientSpy.swift in Sources */ = {isa = PBXBuildFile; fileRef = 9BC1347F2945F99500FE935E /* HTTPClientSpy.swift */; };
		9BC134922945FE6900FE935E /* LoadPokemonFromRemoteUseCaseTests.swift in Sources */ = {isa = PBXBuildFile; fileRef = 9BC134912945FE6900FE935E /* LoadPokemonFromRemoteUseCaseTests.swift */; };
		9BC134942945FEEB00FE935E /* RemotePokemonLoader.swift in Sources */ = {isa = PBXBuildFile; fileRef = 9BC134932945FEEB00FE935E /* RemotePokemonLoader.swift */; };
		9BC13496294601D300FE935E /* PokemonMapper.swift in Sources */ = {isa = PBXBuildFile; fileRef = 9BC13495294601D300FE935E /* PokemonMapper.swift */; };
		9BC1349D294611C000FE935E /* URLSessionHTTPClient.swift in Sources */ = {isa = PBXBuildFile; fileRef = 9BC1349C294611C000FE935E /* URLSessionHTTPClient.swift */; };
		9BC1349F2946128F00FE935E /* URLSessionHTTPClientTests.swift in Sources */ = {isa = PBXBuildFile; fileRef = 9BC1349E2946128F00FE935E /* URLSessionHTTPClientTests.swift */; };
		9BC134A1294612D200FE935E /* URLProtocolStub.swift in Sources */ = {isa = PBXBuildFile; fileRef = 9BC134A0294612D200FE935E /* URLProtocolStub.swift */; };
		9BC134A52946135300FE935E /* SharedTestHelpers.swift in Sources */ = {isa = PBXBuildFile; fileRef = 9BC134A42946135300FE935E /* SharedTestHelpers.swift */; };
		9BC134B329466B4300FE935E /* PokemonIOS.framework in Frameworks */ = {isa = PBXBuildFile; fileRef = 9BC134AB29466B4200FE935E /* PokemonIOS.framework */; };
		9BC134C12946724E00FE935E /* PokemonListPresenter.swift in Sources */ = {isa = PBXBuildFile; fileRef = 9BC134C02946724E00FE935E /* PokemonListPresenter.swift */; };
		9BC134C32946743100FE935E /* PokemonListViewModel.swift in Sources */ = {isa = PBXBuildFile; fileRef = 9BC134C22946743100FE935E /* PokemonListViewModel.swift */; };
		9BC134C6294674D400FE935E /* PokemonListPresenterTests.swift in Sources */ = {isa = PBXBuildFile; fileRef = 9BC134C5294674D400FE935E /* PokemonListPresenterTests.swift */; };
		9BC7A2EA29467C0300292336 /* PokemonList.storyboard in Resources */ = {isa = PBXBuildFile; fileRef = 9BC7A2E929467C0300292336 /* PokemonList.storyboard */; };
		9BC7A2EC29467C2900292336 /* PokemonListViewController.swift in Sources */ = {isa = PBXBuildFile; fileRef = 9BC7A2EB29467C2900292336 /* PokemonListViewController.swift */; };
		9BC7A2EF29467D7600292336 /* PokemonCell.swift in Sources */ = {isa = PBXBuildFile; fileRef = 9BC7A2EE29467D7600292336 /* PokemonCell.swift */; };
		9BC7A2F12946818B00292336 /* PokemonPresenter.swift in Sources */ = {isa = PBXBuildFile; fileRef = 9BC7A2F02946818B00292336 /* PokemonPresenter.swift */; };
		9BC7A2F3294683EC00292336 /* PokemonViewModel.swift in Sources */ = {isa = PBXBuildFile; fileRef = 9BC7A2F2294683EC00292336 /* PokemonViewModel.swift */; };
		9BC7A2F52946843500292336 /* PokemonPresenterTests.swift in Sources */ = {isa = PBXBuildFile; fileRef = 9BC7A2F42946843500292336 /* PokemonPresenterTests.swift */; };
		9BC7A2F72946887D00292336 /* PokemonCellController.swift in Sources */ = {isa = PBXBuildFile; fileRef = 9BC7A2F62946887D00292336 /* PokemonCellController.swift */; };
		9BC7A2FC29468D7700292336 /* PokemonListErrorViewModel.swift in Sources */ = {isa = PBXBuildFile; fileRef = 9BC7A2FB29468D7700292336 /* PokemonListErrorViewModel.swift */; };
		9BC7A2FE29468F4A00292336 /* PokemonLoadingViewModel.swift in Sources */ = {isa = PBXBuildFile; fileRef = 9BC7A2FD29468F4A00292336 /* PokemonLoadingViewModel.swift */; };
		9BC7A30829469D4500292336 /* ErrorView.swift in Sources */ = {isa = PBXBuildFile; fileRef = 9BC7A30729469D4500292336 /* ErrorView.swift */; };
		9BC7A30B29469FB900292336 /* XCTestCase+MemoryLeakTracking.swift in Sources */ = {isa = PBXBuildFile; fileRef = 9BC1347D2945F94C00FE935E /* XCTestCase+MemoryLeakTracking.swift */; };
		9BC7A30D2946A05800292336 /* Pokemon.framework in Frameworks */ = {isa = PBXBuildFile; fileRef = 9BC134592945D37E00FE935E /* Pokemon.framework */; platformFilter = ios; };
		9BC7A30E2946A05800292336 /* Pokemon.framework in Embed Frameworks */ = {isa = PBXBuildFile; fileRef = 9BC134592945D37E00FE935E /* Pokemon.framework */; platformFilter = ios; settings = {ATTRIBUTES = (CodeSignOnCopy, RemoveHeadersOnCopy, ); }; };
/* End PBXBuildFile section */

/* Begin PBXContainerItemProxy section */
		9BC134632945D37E00FE935E /* PBXContainerItemProxy */ = {
			isa = PBXContainerItemProxy;
			containerPortal = 9BC134502945D37E00FE935E /* Project object */;
			proxyType = 1;
			remoteGlobalIDString = 9BC134582945D37E00FE935E;
			remoteInfo = Pokemon;
		};
		9BC134B429466B4300FE935E /* PBXContainerItemProxy */ = {
			isa = PBXContainerItemProxy;
			containerPortal = 9BC134502945D37E00FE935E /* Project object */;
			proxyType = 1;
			remoteGlobalIDString = 9BC134AA29466B4200FE935E;
			remoteInfo = PokemonIOS;
		};
		9BC7A30F2946A05800292336 /* PBXContainerItemProxy */ = {
			isa = PBXContainerItemProxy;
			containerPortal = 9BC134502945D37E00FE935E /* Project object */;
			proxyType = 1;
			remoteGlobalIDString = 9BC134582945D37E00FE935E;
			remoteInfo = Pokemon;
		};
/* End PBXContainerItemProxy section */

/* Begin PBXCopyFilesBuildPhase section */
		9BC7A3112946A05800292336 /* Embed Frameworks */ = {
			isa = PBXCopyFilesBuildPhase;
			buildActionMask = 2147483647;
			dstPath = "";
			dstSubfolderSpec = 10;
			files = (
				9BC7A30E2946A05800292336 /* Pokemon.framework in Embed Frameworks */,
			);
			name = "Embed Frameworks";
			runOnlyForDeploymentPostprocessing = 0;
		};
/* End PBXCopyFilesBuildPhase section */

/* Begin PBXFileReference section */
		9B09778D29470195006F3D76 /* LoadPokemonDetailFromRemoteUseCaseTests.swift */ = {isa = PBXFileReference; lastKnownFileType = sourcecode.swift; path = LoadPokemonDetailFromRemoteUseCaseTests.swift; sourceTree = "<group>"; };
		9B09779A29471120006F3D76 /* PokemonDetailViewModel.swift */ = {isa = PBXFileReference; lastKnownFileType = sourcecode.swift; path = PokemonDetailViewModel.swift; sourceTree = "<group>"; };
		9B09779D294714AF006F3D76 /* PokemonDetailViewPresenter.swift */ = {isa = PBXFileReference; lastKnownFileType = sourcecode.swift; path = PokemonDetailViewPresenter.swift; sourceTree = "<group>"; };
		9B09779F29471731006F3D76 /* PokemonDetailViewPresenterTests.swift */ = {isa = PBXFileReference; lastKnownFileType = sourcecode.swift; path = PokemonDetailViewPresenterTests.swift; sourceTree = "<group>"; };
		9BA7A4FB2946ED1D002BCCBC /* PokemonDetail.swift */ = {isa = PBXFileReference; lastKnownFileType = sourcecode.swift; path = PokemonDetail.swift; sourceTree = "<group>"; };
		9BA7A4FE2946EF2F002BCCBC /* PokemonDetailLoader.swift */ = {isa = PBXFileReference; lastKnownFileType = sourcecode.swift; path = PokemonDetailLoader.swift; sourceTree = "<group>"; };
		9BA7A5002946F002002BCCBC /* RemotePokemonDetailLoader.swift */ = {isa = PBXFileReference; lastKnownFileType = sourcecode.swift; path = RemotePokemonDetailLoader.swift; sourceTree = "<group>"; };
		9BA7A5032946F034002BCCBC /* PokemonDetailMapper.swift */ = {isa = PBXFileReference; lastKnownFileType = sourcecode.swift; path = PokemonDetailMapper.swift; sourceTree = "<group>"; };
		9BC134592945D37E00FE935E /* Pokemon.framework */ = {isa = PBXFileReference; explicitFileType = wrapper.framework; includeInIndex = 0; path = Pokemon.framework; sourceTree = BUILT_PRODUCTS_DIR; };
		9BC134612945D37E00FE935E /* PokemonTests.xctest */ = {isa = PBXFileReference; explicitFileType = wrapper.cfbundle; includeInIndex = 0; path = PokemonTests.xctest; sourceTree = BUILT_PRODUCTS_DIR; };
		9BC134732945EBE400FE935E /* Pokemon.swift */ = {isa = PBXFileReference; lastKnownFileType = sourcecode.swift; path = Pokemon.swift; sourceTree = "<group>"; };
		9BC134762945F26400FE935E /* PokemonLoader.swift */ = {isa = PBXFileReference; lastKnownFileType = sourcecode.swift; path = PokemonLoader.swift; sourceTree = "<group>"; };
		9BC1347B2945F88900FE935E /* HTTPClient.swift */ = {isa = PBXFileReference; lastKnownFileType = sourcecode.swift; path = HTTPClient.swift; sourceTree = "<group>"; };
		9BC1347D2945F94C00FE935E /* XCTestCase+MemoryLeakTracking.swift */ = {isa = PBXFileReference; lastKnownFileType = sourcecode.swift; name = "XCTestCase+MemoryLeakTracking.swift"; path = "../../../PokemonApp/PokemonAppTests/Helpers/XCTestCase+MemoryLeakTracking.swift"; sourceTree = "<group>"; };
		9BC1347F2945F99500FE935E /* HTTPClientSpy.swift */ = {isa = PBXFileReference; lastKnownFileType = sourcecode.swift; path = HTTPClientSpy.swift; sourceTree = "<group>"; };
		9BC134912945FE6900FE935E /* LoadPokemonFromRemoteUseCaseTests.swift */ = {isa = PBXFileReference; lastKnownFileType = sourcecode.swift; path = LoadPokemonFromRemoteUseCaseTests.swift; sourceTree = "<group>"; };
		9BC134932945FEEB00FE935E /* RemotePokemonLoader.swift */ = {isa = PBXFileReference; lastKnownFileType = sourcecode.swift; path = RemotePokemonLoader.swift; sourceTree = "<group>"; };
		9BC13495294601D300FE935E /* PokemonMapper.swift */ = {isa = PBXFileReference; lastKnownFileType = sourcecode.swift; path = PokemonMapper.swift; sourceTree = "<group>"; };
		9BC1349C294611C000FE935E /* URLSessionHTTPClient.swift */ = {isa = PBXFileReference; lastKnownFileType = sourcecode.swift; path = URLSessionHTTPClient.swift; sourceTree = "<group>"; };
		9BC1349E2946128F00FE935E /* URLSessionHTTPClientTests.swift */ = {isa = PBXFileReference; lastKnownFileType = sourcecode.swift; path = URLSessionHTTPClientTests.swift; sourceTree = "<group>"; };
		9BC134A0294612D200FE935E /* URLProtocolStub.swift */ = {isa = PBXFileReference; lastKnownFileType = sourcecode.swift; path = URLProtocolStub.swift; sourceTree = "<group>"; };
		9BC134A42946135300FE935E /* SharedTestHelpers.swift */ = {isa = PBXFileReference; lastKnownFileType = sourcecode.swift; path = SharedTestHelpers.swift; sourceTree = "<group>"; };
		9BC134AB29466B4200FE935E /* PokemonIOS.framework */ = {isa = PBXFileReference; explicitFileType = wrapper.framework; includeInIndex = 0; path = PokemonIOS.framework; sourceTree = BUILT_PRODUCTS_DIR; };
		9BC134B229466B4300FE935E /* PokemonIOSTests.xctest */ = {isa = PBXFileReference; explicitFileType = wrapper.cfbundle; includeInIndex = 0; path = PokemonIOSTests.xctest; sourceTree = BUILT_PRODUCTS_DIR; };
		9BC134C02946724E00FE935E /* PokemonListPresenter.swift */ = {isa = PBXFileReference; lastKnownFileType = sourcecode.swift; path = PokemonListPresenter.swift; sourceTree = "<group>"; };
		9BC134C22946743100FE935E /* PokemonListViewModel.swift */ = {isa = PBXFileReference; lastKnownFileType = sourcecode.swift; path = PokemonListViewModel.swift; sourceTree = "<group>"; };
		9BC134C5294674D400FE935E /* PokemonListPresenterTests.swift */ = {isa = PBXFileReference; lastKnownFileType = sourcecode.swift; path = PokemonListPresenterTests.swift; sourceTree = "<group>"; };
		9BC7A2E929467C0300292336 /* PokemonList.storyboard */ = {isa = PBXFileReference; lastKnownFileType = file.storyboard; path = PokemonList.storyboard; sourceTree = "<group>"; };
		9BC7A2EB29467C2900292336 /* PokemonListViewController.swift */ = {isa = PBXFileReference; lastKnownFileType = sourcecode.swift; path = PokemonListViewController.swift; sourceTree = "<group>"; };
		9BC7A2EE29467D7600292336 /* PokemonCell.swift */ = {isa = PBXFileReference; lastKnownFileType = sourcecode.swift; path = PokemonCell.swift; sourceTree = "<group>"; };
		9BC7A2F02946818B00292336 /* PokemonPresenter.swift */ = {isa = PBXFileReference; lastKnownFileType = sourcecode.swift; path = PokemonPresenter.swift; sourceTree = "<group>"; };
		9BC7A2F2294683EC00292336 /* PokemonViewModel.swift */ = {isa = PBXFileReference; lastKnownFileType = sourcecode.swift; path = PokemonViewModel.swift; sourceTree = "<group>"; };
		9BC7A2F42946843500292336 /* PokemonPresenterTests.swift */ = {isa = PBXFileReference; lastKnownFileType = sourcecode.swift; path = PokemonPresenterTests.swift; sourceTree = "<group>"; };
		9BC7A2F62946887D00292336 /* PokemonCellController.swift */ = {isa = PBXFileReference; lastKnownFileType = sourcecode.swift; path = PokemonCellController.swift; sourceTree = "<group>"; };
		9BC7A2FB29468D7700292336 /* PokemonListErrorViewModel.swift */ = {isa = PBXFileReference; lastKnownFileType = sourcecode.swift; path = PokemonListErrorViewModel.swift; sourceTree = "<group>"; };
		9BC7A2FD29468F4A00292336 /* PokemonLoadingViewModel.swift */ = {isa = PBXFileReference; lastKnownFileType = sourcecode.swift; path = PokemonLoadingViewModel.swift; sourceTree = "<group>"; };
		9BC7A30729469D4500292336 /* ErrorView.swift */ = {isa = PBXFileReference; lastKnownFileType = sourcecode.swift; path = ErrorView.swift; sourceTree = "<group>"; };
/* End PBXFileReference section */

/* Begin PBXFrameworksBuildPhase section */
		9BC134562945D37E00FE935E /* Frameworks */ = {
			isa = PBXFrameworksBuildPhase;
			buildActionMask = 2147483647;
			files = (
			);
			runOnlyForDeploymentPostprocessing = 0;
		};
		9BC1345E2945D37E00FE935E /* Frameworks */ = {
			isa = PBXFrameworksBuildPhase;
			buildActionMask = 2147483647;
			files = (
				9BC134622945D37E00FE935E /* Pokemon.framework in Frameworks */,
			);
			runOnlyForDeploymentPostprocessing = 0;
		};
		9BC134A829466B4200FE935E /* Frameworks */ = {
			isa = PBXFrameworksBuildPhase;
			buildActionMask = 2147483647;
			files = (
				9BC7A30D2946A05800292336 /* Pokemon.framework in Frameworks */,
			);
			runOnlyForDeploymentPostprocessing = 0;
		};
		9BC134AF29466B4300FE935E /* Frameworks */ = {
			isa = PBXFrameworksBuildPhase;
			buildActionMask = 2147483647;
			files = (
				9BC134B329466B4300FE935E /* PokemonIOS.framework in Frameworks */,
			);
			runOnlyForDeploymentPostprocessing = 0;
		};
/* End PBXFrameworksBuildPhase section */

/* Begin PBXGroup section */
		9B09778F2947019C006F3D76 /* PokemonDetail API */ = {
			isa = PBXGroup;
			children = (
				9B09778D29470195006F3D76 /* LoadPokemonDetailFromRemoteUseCaseTests.swift */,
			);
			path = "PokemonDetail API";
			sourceTree = "<group>";
		};
		9B09779C29471126006F3D76 /* PokemonDetail Presentation */ = {
			isa = PBXGroup;
			children = (
				9B09779A29471120006F3D76 /* PokemonDetailViewModel.swift */,
				9B09779D294714AF006F3D76 /* PokemonDetailViewPresenter.swift */,
			);
			path = "PokemonDetail Presentation";
			sourceTree = "<group>";
		};
		9B0977A129472065006F3D76 /* PokemonDetail Presentaion */ = {
			isa = PBXGroup;
			children = (
				9B09779F29471731006F3D76 /* PokemonDetailViewPresenterTests.swift */,
			);
			path = "PokemonDetail Presentaion";
			sourceTree = "<group>";
		};
		9BA7A4E82946D915002BCCBC /* Shared API Infra */ = {
			isa = PBXGroup;
			children = (
				9BC1349C294611C000FE935E /* URLSessionHTTPClient.swift */,
			);
			path = "Shared API Infra";
			sourceTree = "<group>";
		};
		9BA7A4FD2946EF13002BCCBC /* PokemonDetail Feature */ = {
			isa = PBXGroup;
			children = (
				9BA7A4FB2946ED1D002BCCBC /* PokemonDetail.swift */,
				9BA7A4FE2946EF2F002BCCBC /* PokemonDetailLoader.swift */,
			);
			path = "PokemonDetail Feature";
			sourceTree = "<group>";
		};
		9BA7A5022946F008002BCCBC /* PokemonDetail API */ = {
			isa = PBXGroup;
			children = (
				9BA7A5002946F002002BCCBC /* RemotePokemonDetailLoader.swift */,
				9BA7A5032946F034002BCCBC /* PokemonDetailMapper.swift */,
			);
			path = "PokemonDetail API";
			sourceTree = "<group>";
		};
		9BC1344F2945D37E00FE935E = {
			isa = PBXGroup;
			children = (
				9BC1345B2945D37E00FE935E /* Pokemon */,
				9BC134652945D37E00FE935E /* PokemonTests */,
				9BC134AC29466B4300FE935E /* PokemonIOS */,
				9BC134B629466B4300FE935E /* PokemonIOSTests */,
				9BC1345A2945D37E00FE935E /* Products */,
				9BC7A30C2946A05800292336 /* Frameworks */,
			);
			sourceTree = "<group>";
		};
		9BC1345A2945D37E00FE935E /* Products */ = {
			isa = PBXGroup;
			children = (
				9BC134592945D37E00FE935E /* Pokemon.framework */,
				9BC134612945D37E00FE935E /* PokemonTests.xctest */,
				9BC134AB29466B4200FE935E /* PokemonIOS.framework */,
				9BC134B229466B4300FE935E /* PokemonIOSTests.xctest */,
			);
			name = Products;
			sourceTree = "<group>";
		};
		9BC1345B2945D37E00FE935E /* Pokemon */ = {
			isa = PBXGroup;
			children = (
				9BC1347A2945F85900FE935E /* Shared API */,
				9BA7A4E82946D915002BCCBC /* Shared API Infra */,
				9BC134752945ECF500FE935E /* Pokemon Feature */,
				9BC134C42946746700FE935E /* Pokemon Presentaion */,
				9BA7A4FD2946EF13002BCCBC /* PokemonDetail Feature */,
				9BA7A5022946F008002BCCBC /* PokemonDetail API */,
				9B09779C29471126006F3D76 /* PokemonDetail Presentation */,
			);
			path = Pokemon;
			sourceTree = "<group>";
		};
		9BC134652945D37E00FE935E /* PokemonTests */ = {
			isa = PBXGroup;
			children = (
				9BC134782945F55200FE935E /* Hepler */,
				9BC134A22946130C00FE935E /* Shared API Infra */,
				9BC1349A2946115C00FE935E /* Pokemon API */,
				9BC134C72946768800FE935E /* Pokemon Presentaion */,
				9B09778F2947019C006F3D76 /* PokemonDetail API */,
				9B0977A129472065006F3D76 /* PokemonDetail Presentaion */,
			);
			path = PokemonTests;
			sourceTree = "<group>";
		};
		9BC134752945ECF500FE935E /* Pokemon Feature */ = {
			isa = PBXGroup;
			children = (
				9BC134732945EBE400FE935E /* Pokemon.swift */,
				9BC134762945F26400FE935E /* PokemonLoader.swift */,
				9BC1349B2946118900FE935E /* Pokemon API */,
			);
			path = "Pokemon Feature";
			sourceTree = "<group>";
		};
		9BC134782945F55200FE935E /* Hepler */ = {
			isa = PBXGroup;
			children = (
				9BC1347D2945F94C00FE935E /* XCTestCase+MemoryLeakTracking.swift */,
				9BC1347F2945F99500FE935E /* HTTPClientSpy.swift */,
				9BC134A42946135300FE935E /* SharedTestHelpers.swift */,
			);
			path = Hepler;
			sourceTree = "<group>";
		};
		9BC1347A2945F85900FE935E /* Shared API */ = {
			isa = PBXGroup;
			children = (
				9BC1347B2945F88900FE935E /* HTTPClient.swift */,
			);
			path = "Shared API";
			sourceTree = "<group>";
		};
		9BC1349A2946115C00FE935E /* Pokemon API */ = {
			isa = PBXGroup;
			children = (
				9BC134912945FE6900FE935E /* LoadPokemonFromRemoteUseCaseTests.swift */,
			);
			path = "Pokemon API";
			sourceTree = "<group>";
		};
		9BC1349B2946118900FE935E /* Pokemon API */ = {
			isa = PBXGroup;
			children = (
				9BC134932945FEEB00FE935E /* RemotePokemonLoader.swift */,
				9BC13495294601D300FE935E /* PokemonMapper.swift */,
			);
			path = "Pokemon API";
			sourceTree = "<group>";
		};
		9BC134A22946130C00FE935E /* Shared API Infra */ = {
			isa = PBXGroup;
			children = (
				9BC1349E2946128F00FE935E /* URLSessionHTTPClientTests.swift */,
				9BC134A32946131D00FE935E /* Helpers */,
			);
			path = "Shared API Infra";
			sourceTree = "<group>";
		};
		9BC134A32946131D00FE935E /* Helpers */ = {
			isa = PBXGroup;
			children = (
				9BC134A0294612D200FE935E /* URLProtocolStub.swift */,
			);
			path = Helpers;
			sourceTree = "<group>";
		};
		9BC134AC29466B4300FE935E /* PokemonIOS */ = {
			isa = PBXGroup;
			children = (
				9BC134CA29467BBD00FE935E /* Views */,
				9BC7A2ED29467C3000292336 /* Controllers */,
			);
			path = PokemonIOS;
			sourceTree = "<group>";
		};
		9BC134B629466B4300FE935E /* PokemonIOSTests */ = {
			isa = PBXGroup;
			children = (
			);
			path = PokemonIOSTests;
			sourceTree = "<group>";
		};
		9BC134C42946746700FE935E /* Pokemon Presentaion */ = {
			isa = PBXGroup;
			children = (
				9BC134C02946724E00FE935E /* PokemonListPresenter.swift */,
				9BC134C22946743100FE935E /* PokemonListViewModel.swift */,
				9BC7A2FD29468F4A00292336 /* PokemonLoadingViewModel.swift */,
				9BC7A2FB29468D7700292336 /* PokemonListErrorViewModel.swift */,
				9BC7A2F02946818B00292336 /* PokemonPresenter.swift */,
				9BC7A2F2294683EC00292336 /* PokemonViewModel.swift */,
			);
			path = "Pokemon Presentaion";
			sourceTree = "<group>";
		};
		9BC134C72946768800FE935E /* Pokemon Presentaion */ = {
			isa = PBXGroup;
			children = (
				9BC134C5294674D400FE935E /* PokemonListPresenterTests.swift */,
				9BC7A2F42946843500292336 /* PokemonPresenterTests.swift */,
			);
			path = "Pokemon Presentaion";
			sourceTree = "<group>";
		};
		9BC134CA29467BBD00FE935E /* Views */ = {
			isa = PBXGroup;
			children = (
				9BC7A2E929467C0300292336 /* PokemonList.storyboard */,
				9BC7A2EE29467D7600292336 /* PokemonCell.swift */,
				9BC7A30729469D4500292336 /* ErrorView.swift */,
			);
			path = Views;
			sourceTree = "<group>";
		};
		9BC7A2ED29467C3000292336 /* Controllers */ = {
			isa = PBXGroup;
			children = (
				9BC7A2EB29467C2900292336 /* PokemonListViewController.swift */,
				9BC7A2F62946887D00292336 /* PokemonCellController.swift */,
			);
			path = Controllers;
			sourceTree = "<group>";
		};
		9BC7A30C2946A05800292336 /* Frameworks */ = {
			isa = PBXGroup;
			children = (
			);
			name = Frameworks;
			sourceTree = "<group>";
		};
/* End PBXGroup section */

/* Begin PBXHeadersBuildPhase section */
		9BC134542945D37E00FE935E /* Headers */ = {
			isa = PBXHeadersBuildPhase;
			buildActionMask = 2147483647;
			files = (
			);
			runOnlyForDeploymentPostprocessing = 0;
		};
		9BC134A629466B4200FE935E /* Headers */ = {
			isa = PBXHeadersBuildPhase;
			buildActionMask = 2147483647;
			files = (
			);
			runOnlyForDeploymentPostprocessing = 0;
		};
/* End PBXHeadersBuildPhase section */

/* Begin PBXNativeTarget section */
		9BC134582945D37E00FE935E /* Pokemon */ = {
			isa = PBXNativeTarget;
			buildConfigurationList = 9BC1346B2945D37E00FE935E /* Build configuration list for PBXNativeTarget "Pokemon" */;
			buildPhases = (
				9BC134542945D37E00FE935E /* Headers */,
				9BC134552945D37E00FE935E /* Sources */,
				9BC134562945D37E00FE935E /* Frameworks */,
				9BC134572945D37E00FE935E /* Resources */,
			);
			buildRules = (
			);
			dependencies = (
			);
			name = Pokemon;
			productName = Pokemon;
			productReference = 9BC134592945D37E00FE935E /* Pokemon.framework */;
			productType = "com.apple.product-type.framework";
		};
		9BC134602945D37E00FE935E /* PokemonTests */ = {
			isa = PBXNativeTarget;
			buildConfigurationList = 9BC1346E2945D37E00FE935E /* Build configuration list for PBXNativeTarget "PokemonTests" */;
			buildPhases = (
				9BC1345D2945D37E00FE935E /* Sources */,
				9BC1345E2945D37E00FE935E /* Frameworks */,
				9BC1345F2945D37E00FE935E /* Resources */,
			);
			buildRules = (
			);
			dependencies = (
				9BC134642945D37E00FE935E /* PBXTargetDependency */,
			);
			name = PokemonTests;
			productName = PokemonTests;
			productReference = 9BC134612945D37E00FE935E /* PokemonTests.xctest */;
			productType = "com.apple.product-type.bundle.unit-test";
		};
		9BC134AA29466B4200FE935E /* PokemonIOS */ = {
			isa = PBXNativeTarget;
			buildConfigurationList = 9BC134BA29466B4300FE935E /* Build configuration list for PBXNativeTarget "PokemonIOS" */;
			buildPhases = (
				9BC134A629466B4200FE935E /* Headers */,
				9BC134A729466B4200FE935E /* Sources */,
				9BC134A829466B4200FE935E /* Frameworks */,
				9BC134A929466B4200FE935E /* Resources */,
				9BC7A3112946A05800292336 /* Embed Frameworks */,
			);
			buildRules = (
			);
			dependencies = (
				9BC7A3102946A05800292336 /* PBXTargetDependency */,
			);
			name = PokemonIOS;
			productName = PokemonIOS;
			productReference = 9BC134AB29466B4200FE935E /* PokemonIOS.framework */;
			productType = "com.apple.product-type.framework";
		};
		9BC134B129466B4300FE935E /* PokemonIOSTests */ = {
			isa = PBXNativeTarget;
			buildConfigurationList = 9BC134BD29466B4300FE935E /* Build configuration list for PBXNativeTarget "PokemonIOSTests" */;
			buildPhases = (
				9BC134AE29466B4300FE935E /* Sources */,
				9BC134AF29466B4300FE935E /* Frameworks */,
				9BC134B029466B4300FE935E /* Resources */,
			);
			buildRules = (
			);
			dependencies = (
				9BC134B529466B4300FE935E /* PBXTargetDependency */,
			);
			name = PokemonIOSTests;
			productName = PokemonIOSTests;
			productReference = 9BC134B229466B4300FE935E /* PokemonIOSTests.xctest */;
			productType = "com.apple.product-type.bundle.unit-test";
		};
/* End PBXNativeTarget section */

/* Begin PBXProject section */
		9BC134502945D37E00FE935E /* Project object */ = {
			isa = PBXProject;
			attributes = {
				BuildIndependentTargetsInParallel = 1;
				LastSwiftUpdateCheck = 1400;
				LastUpgradeCheck = 1400;
				TargetAttributes = {
					9BC134582945D37E00FE935E = {
						CreatedOnToolsVersion = 14.0.1;
						LastSwiftMigration = 1400;
					};
					9BC134602945D37E00FE935E = {
						CreatedOnToolsVersion = 14.0.1;
						LastSwiftMigration = 1400;
					};
					9BC134AA29466B4200FE935E = {
						CreatedOnToolsVersion = 14.0.1;
						LastSwiftMigration = 1400;
					};
					9BC134B129466B4300FE935E = {
						CreatedOnToolsVersion = 14.0.1;
						LastSwiftMigration = 1400;
					};
				};
			};
			buildConfigurationList = 9BC134532945D37E00FE935E /* Build configuration list for PBXProject "Pokemon" */;
			compatibilityVersion = "Xcode 14.0";
			developmentRegion = en;
			hasScannedForEncodings = 0;
			knownRegions = (
				en,
				Base,
			);
			mainGroup = 9BC1344F2945D37E00FE935E;
			productRefGroup = 9BC1345A2945D37E00FE935E /* Products */;
			projectDirPath = "";
			projectRoot = "";
			targets = (
				9BC134582945D37E00FE935E /* Pokemon */,
				9BC134602945D37E00FE935E /* PokemonTests */,
				9BC134AA29466B4200FE935E /* PokemonIOS */,
				9BC134B129466B4300FE935E /* PokemonIOSTests */,
			);
		};
/* End PBXProject section */

/* Begin PBXResourcesBuildPhase section */
		9BC134572945D37E00FE935E /* Resources */ = {
			isa = PBXResourcesBuildPhase;
			buildActionMask = 2147483647;
			files = (
			);
			runOnlyForDeploymentPostprocessing = 0;
		};
		9BC1345F2945D37E00FE935E /* Resources */ = {
			isa = PBXResourcesBuildPhase;
			buildActionMask = 2147483647;
			files = (
			);
			runOnlyForDeploymentPostprocessing = 0;
		};
		9BC134A929466B4200FE935E /* Resources */ = {
			isa = PBXResourcesBuildPhase;
			buildActionMask = 2147483647;
			files = (
				9BC7A2EA29467C0300292336 /* PokemonList.storyboard in Resources */,
			);
			runOnlyForDeploymentPostprocessing = 0;
		};
		9BC134B029466B4300FE935E /* Resources */ = {
			isa = PBXResourcesBuildPhase;
			buildActionMask = 2147483647;
			files = (
			);
			runOnlyForDeploymentPostprocessing = 0;
		};
/* End PBXResourcesBuildPhase section */

/* Begin PBXSourcesBuildPhase section */
		9BC134552945D37E00FE935E /* Sources */ = {
			isa = PBXSourcesBuildPhase;
			buildActionMask = 2147483647;
			files = (
				9BC13496294601D300FE935E /* PokemonMapper.swift in Sources */,
				9BC134942945FEEB00FE935E /* RemotePokemonLoader.swift in Sources */,
				9BC134772945F26400FE935E /* PokemonLoader.swift in Sources */,
				9BC134C12946724E00FE935E /* PokemonListPresenter.swift in Sources */,
				9BC7A2FC29468D7700292336 /* PokemonListErrorViewModel.swift in Sources */,
				9BA7A5042946F034002BCCBC /* PokemonDetailMapper.swift in Sources */,
				9BC134742945EBE400FE935E /* Pokemon.swift in Sources */,
				9BC7A2F12946818B00292336 /* PokemonPresenter.swift in Sources */,
				9BC7A2F3294683EC00292336 /* PokemonViewModel.swift in Sources */,
				9BA7A5012946F002002BCCBC /* RemotePokemonDetailLoader.swift in Sources */,
				9BC1347C2945F88900FE935E /* HTTPClient.swift in Sources */,
				9B09779B29471120006F3D76 /* PokemonDetailViewModel.swift in Sources */,
				9BC134C32946743100FE935E /* PokemonListViewModel.swift in Sources */,
				9BC1349D294611C000FE935E /* URLSessionHTTPClient.swift in Sources */,
				9BA7A4FC2946ED1D002BCCBC /* PokemonDetail.swift in Sources */,
				9BC7A2FE29468F4A00292336 /* PokemonLoadingViewModel.swift in Sources */,
				9B09779E294714B0006F3D76 /* PokemonDetailViewPresenter.swift in Sources */,
				9BA7A4FF2946EF2F002BCCBC /* PokemonDetailLoader.swift in Sources */,
			);
			runOnlyForDeploymentPostprocessing = 0;
		};
		9BC1345D2945D37E00FE935E /* Sources */ = {
			isa = PBXSourcesBuildPhase;
			buildActionMask = 2147483647;
			files = (
				9B0977A029471731006F3D76 /* PokemonDetailViewPresenterTests.swift in Sources */,
				9BC1347E2945F94C00FE935E /* XCTestCase+MemoryLeakTracking.swift in Sources */,
				9BC134922945FE6900FE935E /* LoadPokemonFromRemoteUseCaseTests.swift in Sources */,
				9BC7A2F52946843500292336 /* PokemonPresenterTests.swift in Sources */,
				9BC134C6294674D400FE935E /* PokemonListPresenterTests.swift in Sources */,
				9BC134A52946135300FE935E /* SharedTestHelpers.swift in Sources */,
				9BC134902945FB6900FE935E /* HTTPClientSpy.swift in Sources */,
				9BC1349F2946128F00FE935E /* URLSessionHTTPClientTests.swift in Sources */,
				9B09778E29470195006F3D76 /* LoadPokemonDetailFromRemoteUseCaseTests.swift in Sources */,
				9BC134A1294612D200FE935E /* URLProtocolStub.swift in Sources */,
			);
			runOnlyForDeploymentPostprocessing = 0;
		};
		9BC134A729466B4200FE935E /* Sources */ = {
			isa = PBXSourcesBuildPhase;
			buildActionMask = 2147483647;
			files = (
				9BC7A2EC29467C2900292336 /* PokemonListViewController.swift in Sources */,
				9BC7A2EF29467D7600292336 /* PokemonCell.swift in Sources */,
				9BC7A2F72946887D00292336 /* PokemonCellController.swift in Sources */,
				9BC7A30829469D4500292336 /* ErrorView.swift in Sources */,
			);
			runOnlyForDeploymentPostprocessing = 0;
		};
		9BC134AE29466B4300FE935E /* Sources */ = {
			isa = PBXSourcesBuildPhase;
			buildActionMask = 2147483647;
			files = (
				9BC7A30B29469FB900292336 /* XCTestCase+MemoryLeakTracking.swift in Sources */,
			);
			runOnlyForDeploymentPostprocessing = 0;
		};
/* End PBXSourcesBuildPhase section */

/* Begin PBXTargetDependency section */
		9BC134642945D37E00FE935E /* PBXTargetDependency */ = {
			isa = PBXTargetDependency;
			target = 9BC134582945D37E00FE935E /* Pokemon */;
			targetProxy = 9BC134632945D37E00FE935E /* PBXContainerItemProxy */;
		};
		9BC134B529466B4300FE935E /* PBXTargetDependency */ = {
			isa = PBXTargetDependency;
			target = 9BC134AA29466B4200FE935E /* PokemonIOS */;
			targetProxy = 9BC134B429466B4300FE935E /* PBXContainerItemProxy */;
		};
		9BC7A3102946A05800292336 /* PBXTargetDependency */ = {
			isa = PBXTargetDependency;
			platformFilter = ios;
			target = 9BC134582945D37E00FE935E /* Pokemon */;
			targetProxy = 9BC7A30F2946A05800292336 /* PBXContainerItemProxy */;
		};
/* End PBXTargetDependency section */

/* Begin XCBuildConfiguration section */
		9BC134692945D37E00FE935E /* Debug */ = {
			isa = XCBuildConfiguration;
			buildSettings = {
				ALWAYS_SEARCH_USER_PATHS = NO;
				CLANG_ANALYZER_NONNULL = YES;
				CLANG_ANALYZER_NUMBER_OBJECT_CONVERSION = YES_AGGRESSIVE;
				CLANG_CXX_LANGUAGE_STANDARD = "gnu++20";
				CLANG_ENABLE_MODULES = YES;
				CLANG_ENABLE_OBJC_ARC = YES;
				CLANG_ENABLE_OBJC_WEAK = YES;
				CLANG_WARN_BLOCK_CAPTURE_AUTORELEASING = YES;
				CLANG_WARN_BOOL_CONVERSION = YES;
				CLANG_WARN_COMMA = YES;
				CLANG_WARN_CONSTANT_CONVERSION = YES;
				CLANG_WARN_DEPRECATED_OBJC_IMPLEMENTATIONS = YES;
				CLANG_WARN_DIRECT_OBJC_ISA_USAGE = YES_ERROR;
				CLANG_WARN_DOCUMENTATION_COMMENTS = YES;
				CLANG_WARN_EMPTY_BODY = YES;
				CLANG_WARN_ENUM_CONVERSION = YES;
				CLANG_WARN_INFINITE_RECURSION = YES;
				CLANG_WARN_INT_CONVERSION = YES;
				CLANG_WARN_NON_LITERAL_NULL_CONVERSION = YES;
				CLANG_WARN_OBJC_IMPLICIT_RETAIN_SELF = YES;
				CLANG_WARN_OBJC_LITERAL_CONVERSION = YES;
				CLANG_WARN_OBJC_ROOT_CLASS = YES_ERROR;
				CLANG_WARN_QUOTED_INCLUDE_IN_FRAMEWORK_HEADER = YES;
				CLANG_WARN_RANGE_LOOP_ANALYSIS = YES;
				CLANG_WARN_STRICT_PROTOTYPES = YES;
				CLANG_WARN_SUSPICIOUS_MOVE = YES;
				CLANG_WARN_UNGUARDED_AVAILABILITY = YES_AGGRESSIVE;
				CLANG_WARN_UNREACHABLE_CODE = YES;
				CLANG_WARN__DUPLICATE_METHOD_MATCH = YES;
				COPY_PHASE_STRIP = NO;
				CURRENT_PROJECT_VERSION = 1;
				DEBUG_INFORMATION_FORMAT = dwarf;
				ENABLE_STRICT_OBJC_MSGSEND = YES;
				ENABLE_TESTABILITY = YES;
				GCC_C_LANGUAGE_STANDARD = gnu11;
				GCC_DYNAMIC_NO_PIC = NO;
				GCC_NO_COMMON_BLOCKS = YES;
				GCC_OPTIMIZATION_LEVEL = 0;
				GCC_PREPROCESSOR_DEFINITIONS = (
					"DEBUG=1",
					"$(inherited)",
				);
				GCC_WARN_64_TO_32_BIT_CONVERSION = YES;
				GCC_WARN_ABOUT_RETURN_TYPE = YES_ERROR;
				GCC_WARN_UNDECLARED_SELECTOR = YES;
				GCC_WARN_UNINITIALIZED_AUTOS = YES_AGGRESSIVE;
				GCC_WARN_UNUSED_FUNCTION = YES;
				GCC_WARN_UNUSED_VARIABLE = YES;
				MACOSX_DEPLOYMENT_TARGET = 12.3;
				MTL_ENABLE_DEBUG_INFO = INCLUDE_SOURCE;
				MTL_FAST_MATH = YES;
				ONLY_ACTIVE_ARCH = YES;
				SDKROOT = macosx;
				SWIFT_ACTIVE_COMPILATION_CONDITIONS = DEBUG;
				SWIFT_OPTIMIZATION_LEVEL = "-Onone";
				VERSIONING_SYSTEM = "apple-generic";
				VERSION_INFO_PREFIX = "";
			};
			name = Debug;
		};
		9BC1346A2945D37E00FE935E /* Release */ = {
			isa = XCBuildConfiguration;
			buildSettings = {
				ALWAYS_SEARCH_USER_PATHS = NO;
				CLANG_ANALYZER_NONNULL = YES;
				CLANG_ANALYZER_NUMBER_OBJECT_CONVERSION = YES_AGGRESSIVE;
				CLANG_CXX_LANGUAGE_STANDARD = "gnu++20";
				CLANG_ENABLE_MODULES = YES;
				CLANG_ENABLE_OBJC_ARC = YES;
				CLANG_ENABLE_OBJC_WEAK = YES;
				CLANG_WARN_BLOCK_CAPTURE_AUTORELEASING = YES;
				CLANG_WARN_BOOL_CONVERSION = YES;
				CLANG_WARN_COMMA = YES;
				CLANG_WARN_CONSTANT_CONVERSION = YES;
				CLANG_WARN_DEPRECATED_OBJC_IMPLEMENTATIONS = YES;
				CLANG_WARN_DIRECT_OBJC_ISA_USAGE = YES_ERROR;
				CLANG_WARN_DOCUMENTATION_COMMENTS = YES;
				CLANG_WARN_EMPTY_BODY = YES;
				CLANG_WARN_ENUM_CONVERSION = YES;
				CLANG_WARN_INFINITE_RECURSION = YES;
				CLANG_WARN_INT_CONVERSION = YES;
				CLANG_WARN_NON_LITERAL_NULL_CONVERSION = YES;
				CLANG_WARN_OBJC_IMPLICIT_RETAIN_SELF = YES;
				CLANG_WARN_OBJC_LITERAL_CONVERSION = YES;
				CLANG_WARN_OBJC_ROOT_CLASS = YES_ERROR;
				CLANG_WARN_QUOTED_INCLUDE_IN_FRAMEWORK_HEADER = YES;
				CLANG_WARN_RANGE_LOOP_ANALYSIS = YES;
				CLANG_WARN_STRICT_PROTOTYPES = YES;
				CLANG_WARN_SUSPICIOUS_MOVE = YES;
				CLANG_WARN_UNGUARDED_AVAILABILITY = YES_AGGRESSIVE;
				CLANG_WARN_UNREACHABLE_CODE = YES;
				CLANG_WARN__DUPLICATE_METHOD_MATCH = YES;
				COPY_PHASE_STRIP = NO;
				CURRENT_PROJECT_VERSION = 1;
				DEBUG_INFORMATION_FORMAT = "dwarf-with-dsym";
				ENABLE_NS_ASSERTIONS = NO;
				ENABLE_STRICT_OBJC_MSGSEND = YES;
				GCC_C_LANGUAGE_STANDARD = gnu11;
				GCC_NO_COMMON_BLOCKS = YES;
				GCC_WARN_64_TO_32_BIT_CONVERSION = YES;
				GCC_WARN_ABOUT_RETURN_TYPE = YES_ERROR;
				GCC_WARN_UNDECLARED_SELECTOR = YES;
				GCC_WARN_UNINITIALIZED_AUTOS = YES_AGGRESSIVE;
				GCC_WARN_UNUSED_FUNCTION = YES;
				GCC_WARN_UNUSED_VARIABLE = YES;
				MACOSX_DEPLOYMENT_TARGET = 12.3;
				MTL_ENABLE_DEBUG_INFO = NO;
				MTL_FAST_MATH = YES;
				SDKROOT = macosx;
				SWIFT_COMPILATION_MODE = wholemodule;
				SWIFT_OPTIMIZATION_LEVEL = "-O";
				VERSIONING_SYSTEM = "apple-generic";
				VERSION_INFO_PREFIX = "";
			};
			name = Release;
		};
		9BC1346C2945D37E00FE935E /* Debug */ = {
			isa = XCBuildConfiguration;
			buildSettings = {
				CLANG_ENABLE_MODULES = YES;
				CODE_SIGN_STYLE = Automatic;
				COMBINE_HIDPI_IMAGES = YES;
				CURRENT_PROJECT_VERSION = 1;
				DEFINES_MODULE = YES;
				DEVELOPMENT_TEAM = 3J4P748ZX6;
				DYLIB_COMPATIBILITY_VERSION = 1;
				DYLIB_CURRENT_VERSION = 1;
				DYLIB_INSTALL_NAME_BASE = "@rpath";
				GENERATE_INFOPLIST_FILE = YES;
				INFOPLIST_KEY_NSHumanReadableCopyright = "";
				INSTALL_PATH = "$(LOCAL_LIBRARY_DIR)/Frameworks";
				LD_RUNPATH_SEARCH_PATHS = (
					"$(inherited)",
					"@executable_path/../Frameworks",
					"@loader_path/Frameworks",
				);
				MARKETING_VERSION = 1.0;
				PRODUCT_BUNDLE_IDENTIFIER = com.jackyWIZSONE.Pokemon;
				PRODUCT_NAME = "$(TARGET_NAME:c99extidentifier)";
				SKIP_INSTALL = YES;
				SUPPORTED_PLATFORMS = "macosx iphoneos iphonesimulator";
				SWIFT_EMIT_LOC_STRINGS = YES;
				SWIFT_OPTIMIZATION_LEVEL = "-Onone";
				SWIFT_VERSION = 5.0;
			};
			name = Debug;
		};
		9BC1346D2945D37E00FE935E /* Release */ = {
			isa = XCBuildConfiguration;
			buildSettings = {
				CLANG_ENABLE_MODULES = YES;
				CODE_SIGN_STYLE = Automatic;
				COMBINE_HIDPI_IMAGES = YES;
				CURRENT_PROJECT_VERSION = 1;
				DEFINES_MODULE = YES;
				DEVELOPMENT_TEAM = 3J4P748ZX6;
				DYLIB_COMPATIBILITY_VERSION = 1;
				DYLIB_CURRENT_VERSION = 1;
				DYLIB_INSTALL_NAME_BASE = "@rpath";
				GENERATE_INFOPLIST_FILE = YES;
				INFOPLIST_KEY_NSHumanReadableCopyright = "";
				INSTALL_PATH = "$(LOCAL_LIBRARY_DIR)/Frameworks";
				LD_RUNPATH_SEARCH_PATHS = (
					"$(inherited)",
					"@executable_path/../Frameworks",
					"@loader_path/Frameworks",
				);
				MARKETING_VERSION = 1.0;
				PRODUCT_BUNDLE_IDENTIFIER = com.jackyWIZSONE.Pokemon;
				PRODUCT_NAME = "$(TARGET_NAME:c99extidentifier)";
				SKIP_INSTALL = YES;
				SUPPORTED_PLATFORMS = "macosx iphoneos iphonesimulator";
				SWIFT_EMIT_LOC_STRINGS = YES;
				SWIFT_VERSION = 5.0;
			};
			name = Release;
		};
		9BC1346F2945D37E00FE935E /* Debug */ = {
			isa = XCBuildConfiguration;
			buildSettings = {
				ALWAYS_EMBED_SWIFT_STANDARD_LIBRARIES = YES;
				CLANG_ENABLE_MODULES = YES;
				CODE_SIGN_STYLE = Automatic;
				CURRENT_PROJECT_VERSION = 1;
				DEVELOPMENT_TEAM = 3J4P748ZX6;
				GENERATE_INFOPLIST_FILE = YES;
				LD_RUNPATH_SEARCH_PATHS = (
					"$(inherited)",
					"@executable_path/../Frameworks",
					"@loader_path/../Frameworks",
				);
				MARKETING_VERSION = 1.0;
				PRODUCT_BUNDLE_IDENTIFIER = com.jackyWIZSONE.PokemonTests;
				PRODUCT_NAME = "$(TARGET_NAME)";
				SUPPORTED_PLATFORMS = "macosx iphonesimulator iphoneos";
				SWIFT_EMIT_LOC_STRINGS = NO;
				SWIFT_OPTIMIZATION_LEVEL = "-Onone";
				SWIFT_VERSION = 5.0;
			};
			name = Debug;
		};
		9BC134702945D37E00FE935E /* Release */ = {
			isa = XCBuildConfiguration;
			buildSettings = {
				ALWAYS_EMBED_SWIFT_STANDARD_LIBRARIES = YES;
				CLANG_ENABLE_MODULES = YES;
				CODE_SIGN_STYLE = Automatic;
				CURRENT_PROJECT_VERSION = 1;
				DEVELOPMENT_TEAM = 3J4P748ZX6;
				GENERATE_INFOPLIST_FILE = YES;
				LD_RUNPATH_SEARCH_PATHS = (
					"$(inherited)",
					"@executable_path/../Frameworks",
					"@loader_path/../Frameworks",
				);
				MARKETING_VERSION = 1.0;
				PRODUCT_BUNDLE_IDENTIFIER = com.jackyWIZSONE.PokemonTests;
				PRODUCT_NAME = "$(TARGET_NAME)";
				SUPPORTED_PLATFORMS = "macosx iphonesimulator iphoneos";
				SWIFT_EMIT_LOC_STRINGS = NO;
				SWIFT_VERSION = 5.0;
			};
			name = Release;
		};
		9BC134BB29466B4300FE935E /* Debug */ = {
			isa = XCBuildConfiguration;
			buildSettings = {
				CLANG_ENABLE_MODULES = YES;
				CODE_SIGN_STYLE = Automatic;
				CURRENT_PROJECT_VERSION = 1;
				DEFINES_MODULE = YES;
				DEVELOPMENT_TEAM = 3J4P748ZX6;
				DYLIB_COMPATIBILITY_VERSION = 1;
				DYLIB_CURRENT_VERSION = 1;
				DYLIB_INSTALL_NAME_BASE = "@rpath";
				GENERATE_INFOPLIST_FILE = YES;
				INFOPLIST_KEY_NSHumanReadableCopyright = "";
				INSTALL_PATH = "$(LOCAL_LIBRARY_DIR)/Frameworks";
				IPHONEOS_DEPLOYMENT_TARGET = 16.0;
				LD_RUNPATH_SEARCH_PATHS = (
					"$(inherited)",
					"@executable_path/Frameworks",
					"@loader_path/Frameworks",
				);
				MARKETING_VERSION = 1.0;
				PRODUCT_BUNDLE_IDENTIFIER = com.jackyWIZSONE.PokemonIOS;
				PRODUCT_NAME = "$(TARGET_NAME:c99extidentifier)";
				SDKROOT = iphoneos;
				SKIP_INSTALL = YES;
				SWIFT_EMIT_LOC_STRINGS = YES;
				SWIFT_OPTIMIZATION_LEVEL = "-Onone";
				SWIFT_VERSION = 5.0;
				TARGETED_DEVICE_FAMILY = "1,2";
			};
			name = Debug;
		};
		9BC134BC29466B4300FE935E /* Release */ = {
			isa = XCBuildConfiguration;
			buildSettings = {
				CLANG_ENABLE_MODULES = YES;
				CODE_SIGN_STYLE = Automatic;
				CURRENT_PROJECT_VERSION = 1;
				DEFINES_MODULE = YES;
				DEVELOPMENT_TEAM = 3J4P748ZX6;
				DYLIB_COMPATIBILITY_VERSION = 1;
				DYLIB_CURRENT_VERSION = 1;
				DYLIB_INSTALL_NAME_BASE = "@rpath";
				GENERATE_INFOPLIST_FILE = YES;
				INFOPLIST_KEY_NSHumanReadableCopyright = "";
				INSTALL_PATH = "$(LOCAL_LIBRARY_DIR)/Frameworks";
				IPHONEOS_DEPLOYMENT_TARGET = 16.0;
				LD_RUNPATH_SEARCH_PATHS = (
					"$(inherited)",
					"@executable_path/Frameworks",
					"@loader_path/Frameworks",
				);
				MARKETING_VERSION = 1.0;
				PRODUCT_BUNDLE_IDENTIFIER = com.jackyWIZSONE.PokemonIOS;
				PRODUCT_NAME = "$(TARGET_NAME:c99extidentifier)";
				SDKROOT = iphoneos;
				SKIP_INSTALL = YES;
				SWIFT_EMIT_LOC_STRINGS = YES;
				SWIFT_VERSION = 5.0;
				TARGETED_DEVICE_FAMILY = "1,2";
				VALIDATE_PRODUCT = YES;
			};
			name = Release;
		};
		9BC134BE29466B4300FE935E /* Debug */ = {
			isa = XCBuildConfiguration;
			buildSettings = {
				ALWAYS_EMBED_SWIFT_STANDARD_LIBRARIES = YES;
				CLANG_ENABLE_MODULES = YES;
				CODE_SIGN_STYLE = Automatic;
				CURRENT_PROJECT_VERSION = 1;
				DEVELOPMENT_TEAM = 3J4P748ZX6;
				GENERATE_INFOPLIST_FILE = YES;
				IPHONEOS_DEPLOYMENT_TARGET = 16.0;
				LD_RUNPATH_SEARCH_PATHS = (
					"$(inherited)",
					"@executable_path/Frameworks",
					"@loader_path/Frameworks",
				);
				MARKETING_VERSION = 1.0;
				PRODUCT_BUNDLE_IDENTIFIER = com.jackyWIZSONE.PokemonIOSTests;
				PRODUCT_NAME = "$(TARGET_NAME)";
				SDKROOT = iphoneos;
				SWIFT_EMIT_LOC_STRINGS = NO;
				SWIFT_OPTIMIZATION_LEVEL = "-Onone";
				SWIFT_VERSION = 5.0;
				TARGETED_DEVICE_FAMILY = "1,2";
			};
			name = Debug;
		};
		9BC134BF29466B4300FE935E /* Release */ = {
			isa = XCBuildConfiguration;
			buildSettings = {
				ALWAYS_EMBED_SWIFT_STANDARD_LIBRARIES = YES;
				CLANG_ENABLE_MODULES = YES;
				CODE_SIGN_STYLE = Automatic;
				CURRENT_PROJECT_VERSION = 1;
				DEVELOPMENT_TEAM = 3J4P748ZX6;
				GENERATE_INFOPLIST_FILE = YES;
				IPHONEOS_DEPLOYMENT_TARGET = 16.0;
				LD_RUNPATH_SEARCH_PATHS = (
					"$(inherited)",
					"@executable_path/Frameworks",
					"@loader_path/Frameworks",
				);
				MARKETING_VERSION = 1.0;
				PRODUCT_BUNDLE_IDENTIFIER = com.jackyWIZSONE.PokemonIOSTests;
				PRODUCT_NAME = "$(TARGET_NAME)";
				SDKROOT = iphoneos;
				SWIFT_EMIT_LOC_STRINGS = NO;
				SWIFT_VERSION = 5.0;
				TARGETED_DEVICE_FAMILY = "1,2";
				VALIDATE_PRODUCT = YES;
			};
			name = Release;
		};
/* End XCBuildConfiguration section */

/* Begin XCConfigurationList section */
		9BC134532945D37E00FE935E /* Build configuration list for PBXProject "Pokemon" */ = {
			isa = XCConfigurationList;
			buildConfigurations = (
				9BC134692945D37E00FE935E /* Debug */,
				9BC1346A2945D37E00FE935E /* Release */,
			);
			defaultConfigurationIsVisible = 0;
			defaultConfigurationName = Release;
		};
		9BC1346B2945D37E00FE935E /* Build configuration list for PBXNativeTarget "Pokemon" */ = {
			isa = XCConfigurationList;
			buildConfigurations = (
				9BC1346C2945D37E00FE935E /* Debug */,
				9BC1346D2945D37E00FE935E /* Release */,
			);
			defaultConfigurationIsVisible = 0;
			defaultConfigurationName = Release;
		};
		9BC1346E2945D37E00FE935E /* Build configuration list for PBXNativeTarget "PokemonTests" */ = {
			isa = XCConfigurationList;
			buildConfigurations = (
				9BC1346F2945D37E00FE935E /* Debug */,
				9BC134702945D37E00FE935E /* Release */,
			);
			defaultConfigurationIsVisible = 0;
			defaultConfigurationName = Release;
		};
		9BC134BA29466B4300FE935E /* Build configuration list for PBXNativeTarget "PokemonIOS" */ = {
			isa = XCConfigurationList;
			buildConfigurations = (
				9BC134BB29466B4300FE935E /* Debug */,
				9BC134BC29466B4300FE935E /* Release */,
			);
			defaultConfigurationIsVisible = 0;
			defaultConfigurationName = Release;
		};
		9BC134BD29466B4300FE935E /* Build configuration list for PBXNativeTarget "PokemonIOSTests" */ = {
			isa = XCConfigurationList;
			buildConfigurations = (
				9BC134BE29466B4300FE935E /* Debug */,
				9BC134BF29466B4300FE935E /* Release */,
			);
			defaultConfigurationIsVisible = 0;
			defaultConfigurationName = Release;
		};
/* End XCConfigurationList section */
	};
	rootObject = 9BC134502945D37E00FE935E /* Project object */;
}
