// !$*UTF8*$!
{
	archiveVersion = 1;
	classes = {
	};
	objectVersion = 56;
	objects = {

/* Begin PBXBuildFile section */
		9B09779129470481006F3D76 /* PokemonListUIIntergrationTests.swift in Sources */ = {isa = PBXBuildFile; fileRef = 9B09779029470481006F3D76 /* PokemonListUIIntergrationTests.swift */; };
		9B09779629470572006F3D76 /* UIView+TestHelpers.swift in Sources */ = {isa = PBXBuildFile; fileRef = 9B09779329470494006F3D76 /* UIView+TestHelpers.swift */; };
		9B09779729470575006F3D76 /* PokemonListViewController+Assertions.swift in Sources */ = {isa = PBXBuildFile; fileRef = 9B09779229470494006F3D76 /* PokemonListViewController+Assertions.swift */; };
		9B097799294705D8006F3D76 /* XCTestCase+MemoryLeakTracking.swift in Sources */ = {isa = PBXBuildFile; fileRef = 9B097798294705D8006F3D76 /* XCTestCase+MemoryLeakTracking.swift */; };
		9B0977AB29472C56006F3D76 /* PokemonDetailUIIntergrationTests.swift in Sources */ = {isa = PBXBuildFile; fileRef = 9B0977AA29472C56006F3D76 /* PokemonDetailUIIntergrationTests.swift */; };
		9B0977AD2947312F006F3D76 /* PokemonDetailUIComposer.swift in Sources */ = {isa = PBXBuildFile; fileRef = 9B0977AC2947312F006F3D76 /* PokemonDetailUIComposer.swift */; };
		9BA7A4B12946D380002BCCBC /* AppDelegate.swift in Sources */ = {isa = PBXBuildFile; fileRef = 9BA7A4B02946D380002BCCBC /* AppDelegate.swift */; };
		9BA7A4B32946D380002BCCBC /* SceneDelegate.swift in Sources */ = {isa = PBXBuildFile; fileRef = 9BA7A4B22946D380002BCCBC /* SceneDelegate.swift */; };
		9BA7A4B52946D380002BCCBC /* ViewController.swift in Sources */ = {isa = PBXBuildFile; fileRef = 9BA7A4B42946D380002BCCBC /* ViewController.swift */; };
		9BA7A4B82946D380002BCCBC /* Main.storyboard in Resources */ = {isa = PBXBuildFile; fileRef = 9BA7A4B62946D380002BCCBC /* Main.storyboard */; };
		9BA7A4BA2946D381002BCCBC /* Assets.xcassets in Resources */ = {isa = PBXBuildFile; fileRef = 9BA7A4B92946D381002BCCBC /* Assets.xcassets */; };
		9BA7A4BD2946D381002BCCBC /* LaunchScreen.storyboard in Resources */ = {isa = PBXBuildFile; fileRef = 9BA7A4BB2946D381002BCCBC /* LaunchScreen.storyboard */; };
		9BA7A4E32946D583002BCCBC /* Pokemon.framework in Frameworks */ = {isa = PBXBuildFile; fileRef = 9BA7A4E12946D583002BCCBC /* Pokemon.framework */; };
		9BA7A4E42946D583002BCCBC /* Pokemon.framework in Embed Frameworks */ = {isa = PBXBuildFile; fileRef = 9BA7A4E12946D583002BCCBC /* Pokemon.framework */; settings = {ATTRIBUTES = (CodeSignOnCopy, RemoveHeadersOnCopy, ); }; };
		9BA7A4E52946D583002BCCBC /* PokemonIOS.framework in Frameworks */ = {isa = PBXBuildFile; fileRef = 9BA7A4E22946D583002BCCBC /* PokemonIOS.framework */; };
		9BA7A4E62946D583002BCCBC /* PokemonIOS.framework in Embed Frameworks */ = {isa = PBXBuildFile; fileRef = 9BA7A4E22946D583002BCCBC /* PokemonIOS.framework */; settings = {ATTRIBUTES = (CodeSignOnCopy, RemoveHeadersOnCopy, ); }; };
		9BA7A4F42946DD26002BCCBC /* PokemonPresentationAdaptor.swift in Sources */ = {isa = PBXBuildFile; fileRef = 9BA7A4F32946DD26002BCCBC /* PokemonPresentationAdaptor.swift */; };
		9BA7A4F52946DD26002BCCBC /* PokemonLoaderPresentationAdaptor.swift in Sources */ = {isa = PBXBuildFile; fileRef = 9BA7A4F12946DD26002BCCBC /* PokemonLoaderPresentationAdaptor.swift */; };
		9BA7A4F62946DD26002BCCBC /* PokemonListUIComposer.swift in Sources */ = {isa = PBXBuildFile; fileRef = 9BA7A4F02946DD26002BCCBC /* PokemonListUIComposer.swift */; };
		9BA7A4F72946DD26002BCCBC /* WeakRefVirtualProxy.swift in Sources */ = {isa = PBXBuildFile; fileRef = 9BA7A4F22946DD26002BCCBC /* WeakRefVirtualProxy.swift */; };
		9BA7A4F82946DD26002BCCBC /* PokemonListViewAdaptor.swift in Sources */ = {isa = PBXBuildFile; fileRef = 9BA7A4EF2946DD26002BCCBC /* PokemonListViewAdaptor.swift */; };
		9BA7A4FA2946DE92002BCCBC /* MainQueueDispatchDecorator.swift in Sources */ = {isa = PBXBuildFile; fileRef = 9BA7A4F92946DE92002BCCBC /* MainQueueDispatchDecorator.swift */; };
/* End PBXBuildFile section */

/* Begin PBXContainerItemProxy section */
		9BA7A4C42946D381002BCCBC /* PBXContainerItemProxy */ = {
			isa = PBXContainerItemProxy;
			containerPortal = 9BA7A4A52946D380002BCCBC /* Project object */;
			proxyType = 1;
			remoteGlobalIDString = 9BA7A4AC2946D380002BCCBC;
			remoteInfo = PokemonApp;
		};
/* End PBXContainerItemProxy section */

/* Begin PBXCopyFilesBuildPhase section */
		9BA7A4E72946D583002BCCBC /* Embed Frameworks */ = {
			isa = PBXCopyFilesBuildPhase;
			buildActionMask = 2147483647;
			dstPath = "";
			dstSubfolderSpec = 10;
			files = (
				9BA7A4E62946D583002BCCBC /* PokemonIOS.framework in Embed Frameworks */,
				9BA7A4E42946D583002BCCBC /* Pokemon.framework in Embed Frameworks */,
			);
			name = "Embed Frameworks";
			runOnlyForDeploymentPostprocessing = 0;
		};
/* End PBXCopyFilesBuildPhase section */

/* Begin PBXFileReference section */
		9B09779029470481006F3D76 /* PokemonListUIIntergrationTests.swift */ = {isa = PBXFileReference; fileEncoding = 4; lastKnownFileType = sourcecode.swift; path = PokemonListUIIntergrationTests.swift; sourceTree = "<group>"; };
		9B09779229470494006F3D76 /* PokemonListViewController+Assertions.swift */ = {isa = PBXFileReference; lastKnownFileType = sourcecode.swift; path = "PokemonListViewController+Assertions.swift"; sourceTree = "<group>"; };
		9B09779329470494006F3D76 /* UIView+TestHelpers.swift */ = {isa = PBXFileReference; lastKnownFileType = sourcecode.swift; path = "UIView+TestHelpers.swift"; sourceTree = "<group>"; };
		9B097798294705D8006F3D76 /* XCTestCase+MemoryLeakTracking.swift */ = {isa = PBXFileReference; lastKnownFileType = sourcecode.swift; path = "XCTestCase+MemoryLeakTracking.swift"; sourceTree = "<group>"; };
		9B0977AA29472C56006F3D76 /* PokemonDetailUIIntergrationTests.swift */ = {isa = PBXFileReference; lastKnownFileType = sourcecode.swift; path = PokemonDetailUIIntergrationTests.swift; sourceTree = "<group>"; };
		9B0977AC2947312F006F3D76 /* PokemonDetailUIComposer.swift */ = {isa = PBXFileReference; lastKnownFileType = sourcecode.swift; path = PokemonDetailUIComposer.swift; sourceTree = "<group>"; };
		9BA7A4AD2946D380002BCCBC /* PokemonApp.app */ = {isa = PBXFileReference; explicitFileType = wrapper.application; includeInIndex = 0; path = PokemonApp.app; sourceTree = BUILT_PRODUCTS_DIR; };
		9BA7A4B02946D380002BCCBC /* AppDelegate.swift */ = {isa = PBXFileReference; lastKnownFileType = sourcecode.swift; path = AppDelegate.swift; sourceTree = "<group>"; };
		9BA7A4B22946D380002BCCBC /* SceneDelegate.swift */ = {isa = PBXFileReference; lastKnownFileType = sourcecode.swift; path = SceneDelegate.swift; sourceTree = "<group>"; };
		9BA7A4B42946D380002BCCBC /* ViewController.swift */ = {isa = PBXFileReference; lastKnownFileType = sourcecode.swift; path = ViewController.swift; sourceTree = "<group>"; };
		9BA7A4B72946D380002BCCBC /* Base */ = {isa = PBXFileReference; lastKnownFileType = file.storyboard; name = Base; path = Base.lproj/Main.storyboard; sourceTree = "<group>"; };
		9BA7A4B92946D381002BCCBC /* Assets.xcassets */ = {isa = PBXFileReference; lastKnownFileType = folder.assetcatalog; path = Assets.xcassets; sourceTree = "<group>"; };
		9BA7A4BC2946D381002BCCBC /* Base */ = {isa = PBXFileReference; lastKnownFileType = file.storyboard; name = Base; path = Base.lproj/LaunchScreen.storyboard; sourceTree = "<group>"; };
		9BA7A4BE2946D381002BCCBC /* Info.plist */ = {isa = PBXFileReference; lastKnownFileType = text.plist.xml; path = Info.plist; sourceTree = "<group>"; };
		9BA7A4C32946D381002BCCBC /* PokemonAppTests.xctest */ = {isa = PBXFileReference; explicitFileType = wrapper.cfbundle; includeInIndex = 0; path = PokemonAppTests.xctest; sourceTree = BUILT_PRODUCTS_DIR; };
		9BA7A4E12946D583002BCCBC /* Pokemon.framework */ = {isa = PBXFileReference; explicitFileType = wrapper.framework; path = Pokemon.framework; sourceTree = BUILT_PRODUCTS_DIR; };
		9BA7A4E22946D583002BCCBC /* PokemonIOS.framework */ = {isa = PBXFileReference; explicitFileType = wrapper.framework; path = PokemonIOS.framework; sourceTree = BUILT_PRODUCTS_DIR; };
		9BA7A4EF2946DD26002BCCBC /* PokemonListViewAdaptor.swift */ = {isa = PBXFileReference; lastKnownFileType = sourcecode.swift; path = PokemonListViewAdaptor.swift; sourceTree = "<group>"; };
		9BA7A4F02946DD26002BCCBC /* PokemonListUIComposer.swift */ = {isa = PBXFileReference; lastKnownFileType = sourcecode.swift; path = PokemonListUIComposer.swift; sourceTree = "<group>"; };
		9BA7A4F12946DD26002BCCBC /* PokemonLoaderPresentationAdaptor.swift */ = {isa = PBXFileReference; lastKnownFileType = sourcecode.swift; path = PokemonLoaderPresentationAdaptor.swift; sourceTree = "<group>"; };
		9BA7A4F22946DD26002BCCBC /* WeakRefVirtualProxy.swift */ = {isa = PBXFileReference; lastKnownFileType = sourcecode.swift; path = WeakRefVirtualProxy.swift; sourceTree = "<group>"; };
		9BA7A4F32946DD26002BCCBC /* PokemonPresentationAdaptor.swift */ = {isa = PBXFileReference; lastKnownFileType = sourcecode.swift; path = PokemonPresentationAdaptor.swift; sourceTree = "<group>"; };
		9BA7A4F92946DE92002BCCBC /* MainQueueDispatchDecorator.swift */ = {isa = PBXFileReference; lastKnownFileType = sourcecode.swift; path = MainQueueDispatchDecorator.swift; sourceTree = "<group>"; };
/* End PBXFileReference section */

/* Begin PBXFrameworksBuildPhase section */
		9BA7A4AA2946D380002BCCBC /* Frameworks */ = {
			isa = PBXFrameworksBuildPhase;
			buildActionMask = 2147483647;
			files = (
				9BA7A4E52946D583002BCCBC /* PokemonIOS.framework in Frameworks */,
				9BA7A4E32946D583002BCCBC /* Pokemon.framework in Frameworks */,
			);
			runOnlyForDeploymentPostprocessing = 0;
		};
		9BA7A4C02946D381002BCCBC /* Frameworks */ = {
			isa = PBXFrameworksBuildPhase;
			buildActionMask = 2147483647;
			files = (
			);
			runOnlyForDeploymentPostprocessing = 0;
		};
/* End PBXFrameworksBuildPhase section */

/* Begin PBXGroup section */
		9B09779429470494006F3D76 /* Helpers */ = {
			isa = PBXGroup;
			children = (
				9B097798294705D8006F3D76 /* XCTestCase+MemoryLeakTracking.swift */,
				9B09779229470494006F3D76 /* PokemonListViewController+Assertions.swift */,
				9B09779329470494006F3D76 /* UIView+TestHelpers.swift */,
			);
			path = Helpers;
			sourceTree = "<group>";
		};
		9BA7A4A42946D380002BCCBC = {
			isa = PBXGroup;
			children = (
				9BA7A4AF2946D380002BCCBC /* PokemonApp */,
				9BA7A4C62946D381002BCCBC /* PokemonAppTests */,
				9BA7A4AE2946D380002BCCBC /* Products */,
				9BA7A4E02946D583002BCCBC /* Frameworks */,
			);
			sourceTree = "<group>";
		};
		9BA7A4AE2946D380002BCCBC /* Products */ = {
			isa = PBXGroup;
			children = (
				9BA7A4AD2946D380002BCCBC /* PokemonApp.app */,
				9BA7A4C32946D381002BCCBC /* PokemonAppTests.xctest */,
			);
			name = Products;
			sourceTree = "<group>";
		};
		9BA7A4AF2946D380002BCCBC /* PokemonApp */ = {
			isa = PBXGroup;
			children = (
				9BA7A4B02946D380002BCCBC /* AppDelegate.swift */,
				9BA7A4B22946D380002BCCBC /* SceneDelegate.swift */,
				9BA7A4F12946DD26002BCCBC /* PokemonLoaderPresentationAdaptor.swift */,
				9BA7A4F32946DD26002BCCBC /* PokemonPresentationAdaptor.swift */,
				9BA7A4EF2946DD26002BCCBC /* PokemonListViewAdaptor.swift */,
				9BA7A4F02946DD26002BCCBC /* PokemonListUIComposer.swift */,
				9B0977AC2947312F006F3D76 /* PokemonDetailUIComposer.swift */,
				9BA7A4F92946DE92002BCCBC /* MainQueueDispatchDecorator.swift */,
				9BA7A4F22946DD26002BCCBC /* WeakRefVirtualProxy.swift */,
				9BA7A4B42946D380002BCCBC /* ViewController.swift */,
				9BA7A4B62946D380002BCCBC /* Main.storyboard */,
				9BA7A4B92946D381002BCCBC /* Assets.xcassets */,
				9BA7A4BB2946D381002BCCBC /* LaunchScreen.storyboard */,
				9BA7A4BE2946D381002BCCBC /* Info.plist */,
			);
			path = PokemonApp;
			sourceTree = "<group>";
		};
		9BA7A4C62946D381002BCCBC /* PokemonAppTests */ = {
			isa = PBXGroup;
			children = (
				9B09779429470494006F3D76 /* Helpers */,
				9B09779029470481006F3D76 /* PokemonListUIIntergrationTests.swift */,
				9B0977AA29472C56006F3D76 /* PokemonDetailUIIntergrationTests.swift */,
			);
			path = PokemonAppTests;
			sourceTree = "<group>";
		};
		9BA7A4E02946D583002BCCBC /* Frameworks */ = {
			isa = PBXGroup;
			children = (
				9BA7A4E12946D583002BCCBC /* Pokemon.framework */,
				9BA7A4E22946D583002BCCBC /* PokemonIOS.framework */,
			);
			name = Frameworks;
			sourceTree = "<group>";
		};
/* End PBXGroup section */

/* Begin PBXNativeTarget section */
		9BA7A4AC2946D380002BCCBC /* PokemonApp */ = {
			isa = PBXNativeTarget;
			buildConfigurationList = 9BA7A4D72946D381002BCCBC /* Build configuration list for PBXNativeTarget "PokemonApp" */;
			buildPhases = (
				9BA7A4A92946D380002BCCBC /* Sources */,
				9BA7A4AA2946D380002BCCBC /* Frameworks */,
				9BA7A4AB2946D380002BCCBC /* Resources */,
				9BA7A4E72946D583002BCCBC /* Embed Frameworks */,
			);
			buildRules = (
			);
			dependencies = (
			);
			name = PokemonApp;
			productName = PokemonApp;
			productReference = 9BA7A4AD2946D380002BCCBC /* PokemonApp.app */;
			productType = "com.apple.product-type.application";
		};
		9BA7A4C22946D381002BCCBC /* PokemonAppTests */ = {
			isa = PBXNativeTarget;
			buildConfigurationList = 9BA7A4DA2946D381002BCCBC /* Build configuration list for PBXNativeTarget "PokemonAppTests" */;
			buildPhases = (
				9BA7A4BF2946D381002BCCBC /* Sources */,
				9BA7A4C02946D381002BCCBC /* Frameworks */,
				9BA7A4C12946D381002BCCBC /* Resources */,
			);
			buildRules = (
			);
			dependencies = (
				9BA7A4C52946D381002BCCBC /* PBXTargetDependency */,
			);
			name = PokemonAppTests;
			productName = PokemonAppTests;
			productReference = 9BA7A4C32946D381002BCCBC /* PokemonAppTests.xctest */;
			productType = "com.apple.product-type.bundle.unit-test";
		};
/* End PBXNativeTarget section */

/* Begin PBXProject section */
		9BA7A4A52946D380002BCCBC /* Project object */ = {
			isa = PBXProject;
			attributes = {
				BuildIndependentTargetsInParallel = 1;
				LastSwiftUpdateCheck = 1400;
				LastUpgradeCheck = 1400;
				TargetAttributes = {
					9BA7A4AC2946D380002BCCBC = {
						CreatedOnToolsVersion = 14.0.1;
					};
					9BA7A4C22946D381002BCCBC = {
						CreatedOnToolsVersion = 14.0.1;
						TestTargetID = 9BA7A4AC2946D380002BCCBC;
					};
				};
			};
			buildConfigurationList = 9BA7A4A82946D380002BCCBC /* Build configuration list for PBXProject "PokemonApp" */;
			compatibilityVersion = "Xcode 14.0";
			developmentRegion = en;
			hasScannedForEncodings = 0;
			knownRegions = (
				en,
				Base,
			);
			mainGroup = 9BA7A4A42946D380002BCCBC;
			productRefGroup = 9BA7A4AE2946D380002BCCBC /* Products */;
			projectDirPath = "";
			projectRoot = "";
			targets = (
				9BA7A4AC2946D380002BCCBC /* PokemonApp */,
				9BA7A4C22946D381002BCCBC /* PokemonAppTests */,
			);
		};
/* End PBXProject section */

/* Begin PBXResourcesBuildPhase section */
		9BA7A4AB2946D380002BCCBC /* Resources */ = {
			isa = PBXResourcesBuildPhase;
			buildActionMask = 2147483647;
			files = (
				9BA7A4BD2946D381002BCCBC /* LaunchScreen.storyboard in Resources */,
				9BA7A4BA2946D381002BCCBC /* Assets.xcassets in Resources */,
				9BA7A4B82946D380002BCCBC /* Main.storyboard in Resources */,
			);
			runOnlyForDeploymentPostprocessing = 0;
		};
		9BA7A4C12946D381002BCCBC /* Resources */ = {
			isa = PBXResourcesBuildPhase;
			buildActionMask = 2147483647;
			files = (
			);
			runOnlyForDeploymentPostprocessing = 0;
		};
/* End PBXResourcesBuildPhase section */

/* Begin PBXSourcesBuildPhase section */
		9BA7A4A92946D380002BCCBC /* Sources */ = {
			isa = PBXSourcesBuildPhase;
			buildActionMask = 2147483647;
			files = (
				9BA7A4B52946D380002BCCBC /* ViewController.swift in Sources */,
				9BA7A4FA2946DE92002BCCBC /* MainQueueDispatchDecorator.swift in Sources */,
				9B0977AD2947312F006F3D76 /* PokemonDetailUIComposer.swift in Sources */,
				9BA7A4F52946DD26002BCCBC /* PokemonLoaderPresentationAdaptor.swift in Sources */,
				9BA7A4F82946DD26002BCCBC /* PokemonListViewAdaptor.swift in Sources */,
				9BA7A4B12946D380002BCCBC /* AppDelegate.swift in Sources */,
				9BA7A4F42946DD26002BCCBC /* PokemonPresentationAdaptor.swift in Sources */,
				9BA7A4B32946D380002BCCBC /* SceneDelegate.swift in Sources */,
				9BA7A4F72946DD26002BCCBC /* WeakRefVirtualProxy.swift in Sources */,
				9BA7A4F62946DD26002BCCBC /* PokemonListUIComposer.swift in Sources */,
			);
			runOnlyForDeploymentPostprocessing = 0;
		};
		9BA7A4BF2946D381002BCCBC /* Sources */ = {
			isa = PBXSourcesBuildPhase;
			buildActionMask = 2147483647;
			files = (
				9B09779729470575006F3D76 /* PokemonListViewController+Assertions.swift in Sources */,
				9B097799294705D8006F3D76 /* XCTestCase+MemoryLeakTracking.swift in Sources */,
				9B09779629470572006F3D76 /* UIView+TestHelpers.swift in Sources */,
				9B09779129470481006F3D76 /* PokemonListUIIntergrationTests.swift in Sources */,
				9B0977AB29472C56006F3D76 /* PokemonDetailUIIntergrationTests.swift in Sources */,
			);
			runOnlyForDeploymentPostprocessing = 0;
		};
/* End PBXSourcesBuildPhase section */

/* Begin PBXTargetDependency section */
		9BA7A4C52946D381002BCCBC /* PBXTargetDependency */ = {
			isa = PBXTargetDependency;
			target = 9BA7A4AC2946D380002BCCBC /* PokemonApp */;
			targetProxy = 9BA7A4C42946D381002BCCBC /* PBXContainerItemProxy */;
		};
/* End PBXTargetDependency section */

/* Begin PBXVariantGroup section */
		9BA7A4B62946D380002BCCBC /* Main.storyboard */ = {
			isa = PBXVariantGroup;
			children = (
				9BA7A4B72946D380002BCCBC /* Base */,
			);
			name = Main.storyboard;
			sourceTree = "<group>";
		};
		9BA7A4BB2946D381002BCCBC /* LaunchScreen.storyboard */ = {
			isa = PBXVariantGroup;
			children = (
				9BA7A4BC2946D381002BCCBC /* Base */,
			);
			name = LaunchScreen.storyboard;
			sourceTree = "<group>";
		};
/* End PBXVariantGroup section */

/* Begin XCBuildConfiguration section */
		9BA7A4D52946D381002BCCBC /* Debug */ = {
			isa = XCBuildConfiguration;
			buildSettings = {
				ALWAYS_SEARCH_USER_PATHS = NO;
				CLANG_ANALYZER_NONNULL = YES;
				CLANG_ANALYZER_NUMBER_OBJECT_CONVERSION = YES_AGGRESSIVE;
				CLANG_CXX_LANGUAGE_STANDARD = "gnu++20";
				CLANG_ENABLE_MODULES = YES;
				CLANG_ENABLE_OBJC_ARC = YES;
				CLANG_ENABLE_OBJC_WEAK = YES;
				CLANG_WARN_BLOCK_CAPTURE_AUTORELEASING = YES;
				CLANG_WARN_BOOL_CONVERSION = YES;
				CLANG_WARN_COMMA = YES;
				CLANG_WARN_CONSTANT_CONVERSION = YES;
				CLANG_WARN_DEPRECATED_OBJC_IMPLEMENTATIONS = YES;
				CLANG_WARN_DIRECT_OBJC_ISA_USAGE = YES_ERROR;
				CLANG_WARN_DOCUMENTATION_COMMENTS = YES;
				CLANG_WARN_EMPTY_BODY = YES;
				CLANG_WARN_ENUM_CONVERSION = YES;
				CLANG_WARN_INFINITE_RECURSION = YES;
				CLANG_WARN_INT_CONVERSION = YES;
				CLANG_WARN_NON_LITERAL_NULL_CONVERSION = YES;
				CLANG_WARN_OBJC_IMPLICIT_RETAIN_SELF = YES;
				CLANG_WARN_OBJC_LITERAL_CONVERSION = YES;
				CLANG_WARN_OBJC_ROOT_CLASS = YES_ERROR;
				CLANG_WARN_QUOTED_INCLUDE_IN_FRAMEWORK_HEADER = YES;
				CLANG_WARN_RANGE_LOOP_ANALYSIS = YES;
				CLANG_WARN_STRICT_PROTOTYPES = YES;
				CLANG_WARN_SUSPICIOUS_MOVE = YES;
				CLANG_WARN_UNGUARDED_AVAILABILITY = YES_AGGRESSIVE;
				CLANG_WARN_UNREACHABLE_CODE = YES;
				CLANG_WARN__DUPLICATE_METHOD_MATCH = YES;
				COPY_PHASE_STRIP = NO;
				DEBUG_INFORMATION_FORMAT = dwarf;
				ENABLE_STRICT_OBJC_MSGSEND = YES;
				ENABLE_TESTABILITY = YES;
				GCC_C_LANGUAGE_STANDARD = gnu11;
				GCC_DYNAMIC_NO_PIC = NO;
				GCC_NO_COMMON_BLOCKS = YES;
				GCC_OPTIMIZATION_LEVEL = 0;
				GCC_PREPROCESSOR_DEFINITIONS = (
					"DEBUG=1",
					"$(inherited)",
				);
				GCC_WARN_64_TO_32_BIT_CONVERSION = YES;
				GCC_WARN_ABOUT_RETURN_TYPE = YES_ERROR;
				GCC_WARN_UNDECLARED_SELECTOR = YES;
				GCC_WARN_UNINITIALIZED_AUTOS = YES_AGGRESSIVE;
				GCC_WARN_UNUSED_FUNCTION = YES;
				GCC_WARN_UNUSED_VARIABLE = YES;
				IPHONEOS_DEPLOYMENT_TARGET = 16.0;
				MTL_ENABLE_DEBUG_INFO = INCLUDE_SOURCE;
				MTL_FAST_MATH = YES;
				ONLY_ACTIVE_ARCH = YES;
				SDKROOT = iphoneos;
				SWIFT_ACTIVE_COMPILATION_CONDITIONS = DEBUG;
				SWIFT_OPTIMIZATION_LEVEL = "-Onone";
			};
			name = Debug;
		};
		9BA7A4D62946D381002BCCBC /* Release */ = {
			isa = XCBuildConfiguration;
			buildSettings = {
				ALWAYS_SEARCH_USER_PATHS = NO;
				CLANG_ANALYZER_NONNULL = YES;
				CLANG_ANALYZER_NUMBER_OBJECT_CONVERSION = YES_AGGRESSIVE;
				CLANG_CXX_LANGUAGE_STANDARD = "gnu++20";
				CLANG_ENABLE_MODULES = YES;
				CLANG_ENABLE_OBJC_ARC = YES;
				CLANG_ENABLE_OBJC_WEAK = YES;
				CLANG_WARN_BLOCK_CAPTURE_AUTORELEASING = YES;
				CLANG_WARN_BOOL_CONVERSION = YES;
				CLANG_WARN_COMMA = YES;
				CLANG_WARN_CONSTANT_CONVERSION = YES;
				CLANG_WARN_DEPRECATED_OBJC_IMPLEMENTATIONS = YES;
				CLANG_WARN_DIRECT_OBJC_ISA_USAGE = YES_ERROR;
				CLANG_WARN_DOCUMENTATION_COMMENTS = YES;
				CLANG_WARN_EMPTY_BODY = YES;
				CLANG_WARN_ENUM_CONVERSION = YES;
				CLANG_WARN_INFINITE_RECURSION = YES;
				CLANG_WARN_INT_CONVERSION = YES;
				CLANG_WARN_NON_LITERAL_NULL_CONVERSION = YES;
				CLANG_WARN_OBJC_IMPLICIT_RETAIN_SELF = YES;
				CLANG_WARN_OBJC_LITERAL_CONVERSION = YES;
				CLANG_WARN_OBJC_ROOT_CLASS = YES_ERROR;
				CLANG_WARN_QUOTED_INCLUDE_IN_FRAMEWORK_HEADER = YES;
				CLANG_WARN_RANGE_LOOP_ANALYSIS = YES;
				CLANG_WARN_STRICT_PROTOTYPES = YES;
				CLANG_WARN_SUSPICIOUS_MOVE = YES;
				CLANG_WARN_UNGUARDED_AVAILABILITY = YES_AGGRESSIVE;
				CLANG_WARN_UNREACHABLE_CODE = YES;
				CLANG_WARN__DUPLICATE_METHOD_MATCH = YES;
				COPY_PHASE_STRIP = NO;
				DEBUG_INFORMATION_FORMAT = "dwarf-with-dsym";
				ENABLE_NS_ASSERTIONS = NO;
				ENABLE_STRICT_OBJC_MSGSEND = YES;
				GCC_C_LANGUAGE_STANDARD = gnu11;
				GCC_NO_COMMON_BLOCKS = YES;
				GCC_WARN_64_TO_32_BIT_CONVERSION = YES;
				GCC_WARN_ABOUT_RETURN_TYPE = YES_ERROR;
				GCC_WARN_UNDECLARED_SELECTOR = YES;
				GCC_WARN_UNINITIALIZED_AUTOS = YES_AGGRESSIVE;
				GCC_WARN_UNUSED_FUNCTION = YES;
				GCC_WARN_UNUSED_VARIABLE = YES;
				IPHONEOS_DEPLOYMENT_TARGET = 16.0;
				MTL_ENABLE_DEBUG_INFO = NO;
				MTL_FAST_MATH = YES;
				SDKROOT = iphoneos;
				SWIFT_COMPILATION_MODE = wholemodule;
				SWIFT_OPTIMIZATION_LEVEL = "-O";
				VALIDATE_PRODUCT = YES;
			};
			name = Release;
		};
		9BA7A4D82946D381002BCCBC /* Debug */ = {
			isa = XCBuildConfiguration;
			buildSettings = {
				ASSETCATALOG_COMPILER_APPICON_NAME = AppIcon;
				ASSETCATALOG_COMPILER_GLOBAL_ACCENT_COLOR_NAME = AccentColor;
				CODE_SIGN_STYLE = Automatic;
				CURRENT_PROJECT_VERSION = 1;
				DEVELOPMENT_TEAM = 3J4P748ZX6;
				GENERATE_INFOPLIST_FILE = YES;
				INFOPLIST_FILE = PokemonApp/Info.plist;
				INFOPLIST_KEY_UIApplicationSupportsIndirectInputEvents = YES;
				INFOPLIST_KEY_UILaunchStoryboardName = LaunchScreen;
				INFOPLIST_KEY_UIMainStoryboardFile = Main;
				INFOPLIST_KEY_UISupportedInterfaceOrientations = UIInterfaceOrientationPortrait;
				LD_RUNPATH_SEARCH_PATHS = (
					"$(inherited)",
					"@executable_path/Frameworks",
				);
				MARKETING_VERSION = 1.0;
				PRODUCT_BUNDLE_IDENTIFIER = com.jackyWIZSONE.PokemonApp;
				PRODUCT_NAME = "$(TARGET_NAME)";
				SWIFT_EMIT_LOC_STRINGS = YES;
				SWIFT_VERSION = 5.0;
				TARGETED_DEVICE_FAMILY = "1,2";
			};
			name = Debug;
		};
		9BA7A4D92946D381002BCCBC /* Release */ = {
			isa = XCBuildConfiguration;
			buildSettings = {
				ASSETCATALOG_COMPILER_APPICON_NAME = AppIcon;
				ASSETCATALOG_COMPILER_GLOBAL_ACCENT_COLOR_NAME = AccentColor;
				CODE_SIGN_STYLE = Automatic;
				CURRENT_PROJECT_VERSION = 1;
				DEVELOPMENT_TEAM = 3J4P748ZX6;
				GENERATE_INFOPLIST_FILE = YES;
				INFOPLIST_FILE = PokemonApp/Info.plist;
				INFOPLIST_KEY_UIApplicationSupportsIndirectInputEvents = YES;
				INFOPLIST_KEY_UILaunchStoryboardName = LaunchScreen;
				INFOPLIST_KEY_UIMainStoryboardFile = Main;
				INFOPLIST_KEY_UISupportedInterfaceOrientations = UIInterfaceOrientationPortrait;
				LD_RUNPATH_SEARCH_PATHS = (
					"$(inherited)",
					"@executable_path/Frameworks",
				);
				MARKETING_VERSION = 1.0;
				PRODUCT_BUNDLE_IDENTIFIER = com.jackyWIZSONE.PokemonApp;
				PRODUCT_NAME = "$(TARGET_NAME)";
				SWIFT_EMIT_LOC_STRINGS = YES;
				SWIFT_VERSION = 5.0;
				TARGETED_DEVICE_FAMILY = "1,2";
			};
			name = Release;
		};
		9BA7A4DB2946D381002BCCBC /* Debug */ = {
			isa = XCBuildConfiguration;
			buildSettings = {
				ALWAYS_EMBED_SWIFT_STANDARD_LIBRARIES = YES;
				BUNDLE_LOADER = "$(TEST_HOST)";
				CODE_SIGN_STYLE = Automatic;
				CURRENT_PROJECT_VERSION = 1;
				DEVELOPMENT_TEAM = 3J4P748ZX6;
				GENERATE_INFOPLIST_FILE = YES;
				IPHONEOS_DEPLOYMENT_TARGET = 16.0;
				MARKETING_VERSION = 1.0;
				PRODUCT_BUNDLE_IDENTIFIER = com.jackyWIZSONE.PokemonAppTests;
				PRODUCT_NAME = "$(TARGET_NAME)";
				SWIFT_EMIT_LOC_STRINGS = NO;
				SWIFT_VERSION = 5.0;
				TARGETED_DEVICE_FAMILY = "1,2";
				TEST_HOST = "$(BUILT_PRODUCTS_DIR)/PokemonApp.app/$(BUNDLE_EXECUTABLE_FOLDER_PATH)/PokemonApp";
			};
			name = Debug;
		};
		9BA7A4DC2946D381002BCCBC /* Release */ = {
			isa = XCBuildConfiguration;
			buildSettings = {
				ALWAYS_EMBED_SWIFT_STANDARD_LIBRARIES = YES;
				BUNDLE_LOADER = "$(TEST_HOST)";
				CODE_SIGN_STYLE = Automatic;
				CURRENT_PROJECT_VERSION = 1;
				DEVELOPMENT_TEAM = 3J4P748ZX6;
				GENERATE_INFOPLIST_FILE = YES;
				IPHONEOS_DEPLOYMENT_TARGET = 16.0;
				MARKETING_VERSION = 1.0;
				PRODUCT_BUNDLE_IDENTIFIER = com.jackyWIZSONE.PokemonAppTests;
				PRODUCT_NAME = "$(TARGET_NAME)";
				SWIFT_EMIT_LOC_STRINGS = NO;
				SWIFT_VERSION = 5.0;
				TARGETED_DEVICE_FAMILY = "1,2";
				TEST_HOST = "$(BUILT_PRODUCTS_DIR)/PokemonApp.app/$(BUNDLE_EXECUTABLE_FOLDER_PATH)/PokemonApp";
			};
			name = Release;
		};
/* End XCBuildConfiguration section */

/* Begin XCConfigurationList section */
		9BA7A4A82946D380002BCCBC /* Build configuration list for PBXProject "PokemonApp" */ = {
			isa = XCConfigurationList;
			buildConfigurations = (
				9BA7A4D52946D381002BCCBC /* Debug */,
				9BA7A4D62946D381002BCCBC /* Release */,
			);
			defaultConfigurationIsVisible = 0;
			defaultConfigurationName = Release;
		};
		9BA7A4D72946D381002BCCBC /* Build configuration list for PBXNativeTarget "PokemonApp" */ = {
			isa = XCConfigurationList;
			buildConfigurations = (
				9BA7A4D82946D381002BCCBC /* Debug */,
				9BA7A4D92946D381002BCCBC /* Release */,
			);
			defaultConfigurationIsVisible = 0;
			defaultConfigurationName = Release;
		};
		9BA7A4DA2946D381002BCCBC /* Build configuration list for PBXNativeTarget "PokemonAppTests" */ = {
			isa = XCConfigurationList;
			buildConfigurations = (
				9BA7A4DB2946D381002BCCBC /* Debug */,
				9BA7A4DC2946D381002BCCBC /* Release */,
			);
			defaultConfigurationIsVisible = 0;
			defaultConfigurationName = Release;
		};
/* End XCConfigurationList section */
	};
	rootObject = 9BA7A4A52946D380002BCCBC /* Project object */;
}
